{
    "_readme": [
        "This file locks the dependencies of your project to a known state",
        "Read more about it at https://getcomposer.org/doc/01-basic-usage.md#composer-lock-the-lock-file",
        "This file is @generated automatically"
    ],
    "hash": "eb59074fafa126fd60b268852e20f882",
    "content-hash": "ba379294cfe1ebf5b62f40f71110833b",
    "packages": [
        {
            "name": "oktopost/phpcoder",
            "version": "dev-master",
            "source": {
                "type": "git",
                "url": "https://github.com/Oktopost/PHPCoder.git",
                "reference": "d3ea0ea603807acc38040e9962d867619ee02b2d"
            },
            "dist": {
                "type": "zip",
                "url": "https://api.github.com/repos/Oktopost/PHPCoder/zipball/d3ea0ea603807acc38040e9962d867619ee02b2d",
                "reference": "d3ea0ea603807acc38040e9962d867619ee02b2d",
                "shasum": ""
            },
            "type": "lib",
            "autoload": {
                "psr-0": {
                    "PHPCoder": "src"
                }
            },
            "notification-url": "https://packagist.org/downloads/",
            "license": [
                "MIT"
            ],
            "authors": [
                {
                    "name": "Alexey Puchkov",
                    "email": "alexey@oktopost.com"
                }
            ],
            "time": "2016-10-23 16:51:02"
        }
    ],
    "packages-dev": [],
    "aliases": [],
    "minimum-stability": "dev",
    "stability-flags": {
        "oktopost/phpcoder": 20
    },
    "prefer-stable": false,
    "prefer-lowest": false,
    "platform": {
        "php": ">=5.5-stable"
    },
    "platform-dev": []
}
